<?xml version="1.0" encoding="utf-8"?>
<Project ToolsVersion="4.0" xmlns="http://schemas.microsoft.com/developer/msbuild/2003">
  <ItemGroup>
    <Filter Include="Source Files">
      <UniqueIdentifier>{4FC737F1-C7A5-4376-A066-2A32D752A2FF}</UniqueIdentifier>
      <Extensions>cpp;c;cc;cxx;def;odl;idl;hpj;bat;asm;asmx</Extensions>
    </Filter>
    <Filter Include="Header Files">
      <UniqueIdentifier>{93995380-89BD-4b04-88EB-625FBE52EBFB}</UniqueIdentifier>
      <Extensions>h;hpp;hxx;hm;inl;inc;xsd</Extensions>
    </Filter>
    <Filter Include="Resource Files">
      <UniqueIdentifier>{67DA6AB6-F800-4c08-8B7A-83BB121AAD01}</UniqueIdentifier>
      <Extensions>rc;ico;cur;bmp;dlg;rc2;rct;bin;rgs;gif;jpg;jpeg;jpe;resx;tiff;tif;png;wav</Extensions>
    </Filter>
  </ItemGroup>
  <ItemGroup>
    <ClCompile Include="gamma.cpp">
      <Filter>Source Files</Filter>
    </ClCompile>
    <ClCompile Include="getopt_pp.cpp">
      <Filter>Source Files</Filter>
    </ClCompile>
    <ClCompile Include="popbam.cpp">
      <Filter>Source Files</Filter>
    </ClCompile>
    <ClCompile Include="pop_diverge.cpp">
      <Filter>Source Files</Filter>
    </ClCompile>
    <ClCompile Include="pop_haplo.cpp">
      <Filter>Source Files</Filter>
    </ClCompile>
    <ClCompile Include="pop_ld.cpp">
      <Filter>Source Files</Filter>
    </ClCompile>
    <ClCompile Include="pop_nucdiv.cpp">
      <Filter>Source Files</Filter>
    </ClCompile>
    <ClCompile Include="pop_sample.cpp">
      <Filter>Source Files</Filter>
    </ClCompile>
    <ClCompile Include="pop_sfs.cpp">
      <Filter>Source Files</Filter>
    </ClCompile>
    <ClCompile Include="pop_snp.cpp">
      <Filter>Source Files</Filter>
    </ClCompile>
    <ClCompile Include="pop_tree.cpp">
      <Filter>Source Files</Filter>
    </ClCompile>
    <ClCompile Include="pop_utils.cpp">
      <Filter>Source Files</Filter>
    </ClCompile>
    <ClCompile Include="bam.c">
      <Filter>Source Files</Filter>
    </ClCompile>
    <ClCompile Include="bam_aux.c">
      <Filter>Source Files</Filter>
    </ClCompile>
    <ClCompile Include="bam_import.c">
      <Filter>Source Files</Filter>
    </ClCompile>
    <ClCompile Include="bam_index.c">
      <Filter>Source Files</Filter>
    </ClCompile>
    <ClCompile Include="bam_pileup.c">
      <Filter>Source Files</Filter>
    </ClCompile>
    <ClCompile Include="bgzf.c">
      <Filter>Source Files</Filter>
    </ClCompile>
    <ClCompile Include="faidx.c">
      <Filter>Source Files</Filter>
    </ClCompile>
    <ClCompile Include="kstring.c">
      <Filter>Source Files</Filter>
    </ClCompile>
    <ClCompile Include="razf.c">
      <Filter>Source Files</Filter>
    </ClCompile>
    <ClCompile Include="sam.c">
      <Filter>Source Files</Filter>
    </ClCompile>
    <ClCompile Include="sam_header.c">
      <Filter>Source Files</Filter>
    </ClCompile>
  </ItemGroup>
  <ItemGroup>
    <ClInclude Include="bam.h">
      <Filter>Header Files</Filter>
    </ClInclude>
    <ClInclude Include="bam_endian.h">
      <Filter>Header Files</Filter>
    </ClInclude>
    <ClInclude Include="bgzf.h">
      <Filter>Header Files</Filter>
    </ClInclude>
    <ClInclude Include="faidx.h">
      <Filter>Header Files</Filter>
    </ClInclude>
    <ClInclude Include="gamma.h">
      <Filter>Header Files</Filter>
    </ClInclude>
    <ClInclude Include="getopt_pp.h">
      <Filter>Header Files</Filter>
    </ClInclude>
    <ClInclude Include="khash.h">
      <Filter>Header Files</Filter>
    </ClInclude>
    <ClInclude Include="kseq.h">
      <Filter>Header Files</Filter>
    </ClInclude>
    <ClInclude Include="ksort.h">
      <Filter>Header Files</Filter>
    </ClInclude>
    <ClInclude Include="kstring.h">
      <Filter>Header Files</Filter>
    </ClInclude>
    <ClInclude Include="popbam.h">
      <Filter>Header Files</Filter>
    </ClInclude>
    <ClInclude Include="pop_diverge.h">
      <Filter>Header Files</Filter>
    </ClInclude>
    <ClInclude Include="pop_haplo.h">
      <Filter>Header Files</Filter>
    </ClInclude>
    <ClInclude Include="pop_ld.h">
      <Filter>Header Files</Filter>
    </ClInclude>
    <ClInclude Include="pop_nucdiv.h">
      <Filter>Header Files</Filter>
    </ClInclude>
    <ClInclude Include="pop_sfs.h">
      <Filter>Header Files</Filter>
    </ClInclude>
    <ClInclude Include="pop_snp.h">
      <Filter>Header Files</Filter>
    </ClInclude>
    <ClInclude Include="pop_tree.h">
      <Filter>Header Files</Filter>
    </ClInclude>
    <ClInclude Include="razf.h">
      <Filter>Header Files</Filter>
    </ClInclude>
    <ClInclude Include="sam.h">
      <Filter>Header Files</Filter>
    </ClInclude>
    <ClInclude Include="sam_header.h">
      <Filter>Header Files</Filter>
    </ClInclude>
    <ClInclude Include="tables.h">
      <Filter>Header Files</Filter>
    </ClInclude>
  </ItemGroup>
</Project>