
Microsoft Visual Studio Solution File, Format Version 12.00
# Visual Studio 2012
Project("{8BC9CEB8-8B4A-11D0-8D11-00A0C91BC942}") = "POPBAM", "POPBAM.vcxproj", "{0A42EF92-5BBF-48AB-9199-41D105D256D9}"
	ProjectSection(ProjectDependencies) = postProject
		{D345D40F-F37F-4A14-8A25-87C28D407D33} = {D345D40F-F37F-4A14-8A25-87C28D407D33}
	EndProjectSection
EndProject
Project("{8BC9CEB8-8B4A-11D0-8D11-00A0C91BC942}") = "zlib-1.2.7-win32", "..\zlib-vs2012\zlib-1.2.7-win32.vcxproj", "{D345D40F-F37F-4A14-8A25-87C28D407D33}"
EndProject
Global
	GlobalSection(SolutionConfigurationPlatforms) = preSolution
		Debug|Win32 = Debug|Win32
		Release|Win32 = Release|Win32
	EndGlobalSection
	GlobalSection(ProjectConfigurationPlatforms) = postSolution
		{0A42EF92-5BBF-48AB-9199-41D105D256D9}.Debug|Win32.ActiveCfg = Debug|Win32
		{0A42EF92-5BBF-48AB-9199-41D105D256D9}.Debug|Win32.Build.0 = Debug|Win32
		{0A42EF92-5BBF-48AB-9199-41D105D256D9}.Release|Win32.ActiveCfg = Release|Win32
		{0A42EF92-5BBF-48AB-9199-41D105D256D9}.Release|Win32.Build.0 = Release|Win32
		{D345D40F-F37F-4A14-8A25-87C28D407D33}.Debug|Win32.ActiveCfg = Debug|Win32
		{D345D40F-F37F-4A14-8A25-87C28D407D33}.Debug|Win32.Build.0 = Debug|Win32
		{D345D40F-F37F-4A14-8A25-87C28D407D33}.Release|Win32.ActiveCfg = Release|Win32
		{D345D40F-F37F-4A14-8A25-87C28D407D33}.Release|Win32.Build.0 = Release|Win32
	EndGlobalSection
	GlobalSection(SolutionProperties) = preSolution
		HideSolutionNode = FALSE
	EndGlobalSection
EndGlobal
